# This file is generated by running "yarn install" inside your project.
# Manual changes might be lost - proceed with caution!

__metadata:
  version: 6
  cacheKey: 8

"@alloc/quick-lru@npm:^5.2.0":
  version: 5.2.0
  resolution: "@alloc/quick-lru@npm:5.2.0"
  checksum: bdc35758b552bcf045733ac047fb7f9a07c4678b944c641adfbd41f798b4b91fffd0fdc0df2578d9b0afc7b4d636aa6e110ead5d6281a2adc1ab90efd7f057f8
  languageName: node
  linkType: hard

"@emnapi/core@npm:^1.4.3, @emnapi/core@npm:^1.4.5":
  version: 1.5.0
  resolution: "@emnapi/core@npm:1.5.0"
  dependencies:
    "@emnapi/wasi-threads": 1.1.0
    tslib: ^2.4.0
  checksum: 089a506a4f6a2416b9917050802c20ac76b350b1160116482c3542cf89cd707c832ca18c163ddac4e9cb1df06f02e6cd324cadc60b82aed27d51e0baca1f4b4f
  languageName: node
  linkType: hard

"@emnapi/runtime@npm:^1.4.3, @emnapi/runtime@npm:^1.4.4, @emnapi/runtime@npm:^1.4.5":
  version: 1.5.0
  resolution: "@emnapi/runtime@npm:1.5.0"
  dependencies:
    tslib: ^2.4.0
  checksum: 03b23bdc0bb72bce4d8967ca29d623c2599af18977975c10532577db2ec89a57d97d2c76c5c4bde856c7c29302b9f7af357e921c42bd952bdda206972185819a
  languageName: node
  linkType: hard

"@emnapi/wasi-threads@npm:1.1.0, @emnapi/wasi-threads@npm:^1.0.4":
  version: 1.1.0
  resolution: "@emnapi/wasi-threads@npm:1.1.0"
  dependencies:
    tslib: ^2.4.0
  checksum: 6cffe35f3e407ae26236092991786db5968b4265e6e55f4664bf6f2ce0508e2a02a44ce6ebb16f2acd2f6589efb293f4f9d09cc9fbf80c00fc1a203accc94196
  languageName: node
  linkType: hard

"@img/sharp-darwin-arm64@npm:0.34.3":
  version: 0.34.3
  resolution: "@img/sharp-darwin-arm64@npm:0.34.3"
  dependencies:
    "@img/sharp-libvips-darwin-arm64": 1.2.0
  dependenciesMeta:
    "@img/sharp-libvips-darwin-arm64":
      optional: true
  conditions: os=darwin & cpu=arm64
  languageName: node
  linkType: hard

"@img/sharp-darwin-x64@npm:0.34.3":
  version: 0.34.3
  resolution: "@img/sharp-darwin-x64@npm:0.34.3"
  dependencies:
    "@img/sharp-libvips-darwin-x64": 1.2.0
  dependenciesMeta:
    "@img/sharp-libvips-darwin-x64":
      optional: true
  conditions: os=darwin & cpu=x64
  languageName: node
  linkType: hard

"@img/sharp-libvips-darwin-arm64@npm:1.2.0":
  version: 1.2.0
  resolution: "@img/sharp-libvips-darwin-arm64@npm:1.2.0"
  conditions: os=darwin & cpu=arm64
  languageName: node
  linkType: hard

"@img/sharp-libvips-darwin-x64@npm:1.2.0":
  version: 1.2.0
  resolution: "@img/sharp-libvips-darwin-x64@npm:1.2.0"
  conditions: os=darwin & cpu=x64
  languageName: node
  linkType: hard

"@img/sharp-libvips-linux-arm64@npm:1.2.0":
  version: 1.2.0
  resolution: "@img/sharp-libvips-linux-arm64@npm:1.2.0"
  conditions: os=linux & cpu=arm64 & libc=glibc
  languageName: node
  linkType: hard

"@img/sharp-libvips-linux-arm@npm:1.2.0":
  version: 1.2.0
  resolution: "@img/sharp-libvips-linux-arm@npm:1.2.0"
  conditions: os=linux & cpu=arm & libc=glibc
  languageName: node
  linkType: hard

"@img/sharp-libvips-linux-ppc64@npm:1.2.0":
  version: 1.2.0
  resolution: "@img/sharp-libvips-linux-ppc64@npm:1.2.0"
  conditions: os=linux & cpu=ppc64 & libc=glibc
  languageName: node
  linkType: hard

"@img/sharp-libvips-linux-s390x@npm:1.2.0":
  version: 1.2.0
  resolution: "@img/sharp-libvips-linux-s390x@npm:1.2.0"
  conditions: os=linux & cpu=s390x & libc=glibc
  languageName: node
  linkType: hard

"@img/sharp-libvips-linux-x64@npm:1.2.0":
  version: 1.2.0
  resolution: "@img/sharp-libvips-linux-x64@npm:1.2.0"
  conditions: os=linux & cpu=x64 & libc=glibc
  languageName: node
  linkType: hard

"@img/sharp-libvips-linuxmusl-arm64@npm:1.2.0":
  version: 1.2.0
  resolution: "@img/sharp-libvips-linuxmusl-arm64@npm:1.2.0"
  conditions: os=linux & cpu=arm64 & libc=musl
  languageName: node
  linkType: hard

"@img/sharp-libvips-linuxmusl-x64@npm:1.2.0":
  version: 1.2.0
  resolution: "@img/sharp-libvips-linuxmusl-x64@npm:1.2.0"
  conditions: os=linux & cpu=x64 & libc=musl
  languageName: node
  linkType: hard

"@img/sharp-linux-arm64@npm:0.34.3":
  version: 0.34.3
  resolution: "@img/sharp-linux-arm64@npm:0.34.3"
  dependencies:
    "@img/sharp-libvips-linux-arm64": 1.2.0
  dependenciesMeta:
    "@img/sharp-libvips-linux-arm64":
      optional: true
  conditions: os=linux & cpu=arm64 & libc=glibc
  languageName: node
  linkType: hard

"@img/sharp-linux-arm@npm:0.34.3":
  version: 0.34.3
  resolution: "@img/sharp-linux-arm@npm:0.34.3"
  dependencies:
    "@img/sharp-libvips-linux-arm": 1.2.0
  dependenciesMeta:
    "@img/sharp-libvips-linux-arm":
      optional: true
  conditions: os=linux & cpu=arm & libc=glibc
  languageName: node
  linkType: hard

"@img/sharp-linux-ppc64@npm:0.34.3":
  version: 0.34.3
  resolution: "@img/sharp-linux-ppc64@npm:0.34.3"
  dependencies:
    "@img/sharp-libvips-linux-ppc64": 1.2.0
  dependenciesMeta:
    "@img/sharp-libvips-linux-ppc64":
      optional: true
  conditions: os=linux & cpu=ppc64 & libc=glibc
  languageName: node
  linkType: hard

"@img/sharp-linux-s390x@npm:0.34.3":
  version: 0.34.3
  resolution: "@img/sharp-linux-s390x@npm:0.34.3"
  dependencies:
    "@img/sharp-libvips-linux-s390x": 1.2.0
  dependenciesMeta:
    "@img/sharp-libvips-linux-s390x":
      optional: true
  conditions: os=linux & cpu=s390x & libc=glibc
  languageName: node
  linkType: hard

"@img/sharp-linux-x64@npm:0.34.3":
  version: 0.34.3
  resolution: "@img/sharp-linux-x64@npm:0.34.3"
  dependencies:
    "@img/sharp-libvips-linux-x64": 1.2.0
  dependenciesMeta:
    "@img/sharp-libvips-linux-x64":
      optional: true
  conditions: os=linux & cpu=x64 & libc=glibc
  languageName: node
  linkType: hard

"@img/sharp-linuxmusl-arm64@npm:0.34.3":
  version: 0.34.3
  resolution: "@img/sharp-linuxmusl-arm64@npm:0.34.3"
  dependencies:
    "@img/sharp-libvips-linuxmusl-arm64": 1.2.0
  dependenciesMeta:
    "@img/sharp-libvips-linuxmusl-arm64":
      optional: true
  conditions: os=linux & cpu=arm64 & libc=musl
  languageName: node
  linkType: hard

"@img/sharp-linuxmusl-x64@npm:0.34.3":
  version: 0.34.3
  resolution: "@img/sharp-linuxmusl-x64@npm:0.34.3"
  dependencies:
    "@img/sharp-libvips-linuxmusl-x64": 1.2.0
  dependenciesMeta:
    "@img/sharp-libvips-linuxmusl-x64":
      optional: true
  conditions: os=linux & cpu=x64 & libc=musl
  languageName: node
  linkType: hard

"@img/sharp-wasm32@npm:0.34.3":
  version: 0.34.3
  resolution: "@img/sharp-wasm32@npm:0.34.3"
  dependencies:
    "@emnapi/runtime": ^1.4.4
  conditions: cpu=wasm32
  languageName: node
  linkType: hard

"@img/sharp-win32-arm64@npm:0.34.3":
  version: 0.34.3
  resolution: "@img/sharp-win32-arm64@npm:0.34.3"
  conditions: os=win32 & cpu=arm64
  languageName: node
  linkType: hard

"@img/sharp-win32-ia32@npm:0.34.3":
  version: 0.34.3
  resolution: "@img/sharp-win32-ia32@npm:0.34.3"
  conditions: os=win32 & cpu=ia32
  languageName: node
  linkType: hard

"@img/sharp-win32-x64@npm:0.34.3":
  version: 0.34.3
  resolution: "@img/sharp-win32-x64@npm:0.34.3"
  conditions: os=win32 & cpu=x64
  languageName: node
  linkType: hard

"@isaacs/fs-minipass@npm:^4.0.0":
  version: 4.0.1
  resolution: "@isaacs/fs-minipass@npm:4.0.1"
  dependencies:
    minipass: ^7.0.4
  checksum: 5d36d289960e886484362d9eb6a51d1ea28baed5f5d0140bbe62b99bac52eaf06cc01c2bc0d3575977962f84f6b2c4387b043ee632216643d4787b0999465bf2
  languageName: node
  linkType: hard

"@jridgewell/gen-mapping@npm:^0.3.5":
  version: 0.3.13
  resolution: "@jridgewell/gen-mapping@npm:0.3.13"
  dependencies:
    "@jridgewell/sourcemap-codec": ^1.5.0
    "@jridgewell/trace-mapping": ^0.3.24
  checksum: f2105acefc433337145caa3c84bba286de954f61c0bc46279bbd85a9e6a02871089717fa060413cfb6a9d44189fe8313b2d1cabf3a2eb3284d208fd5f75c54ff
  languageName: node
  linkType: hard

"@jridgewell/remapping@npm:^2.3.4":
  version: 2.3.5
  resolution: "@jridgewell/remapping@npm:2.3.5"
  dependencies:
    "@jridgewell/gen-mapping": ^0.3.5
    "@jridgewell/trace-mapping": ^0.3.24
  checksum: 4a66a7397c3dc9c6b5c14a0024b1f98c5e1d90a0dbc1e5955b5038f2db339904df2a0ee8a66559fafb4fc23ff33700a2639fd40bbdd2e9e82b58b3bdf83738e3
  languageName: node
  linkType: hard

"@jridgewell/resolve-uri@npm:^3.1.0":
  version: 3.1.2
  resolution: "@jridgewell/resolve-uri@npm:3.1.2"
  checksum: 83b85f72c59d1c080b4cbec0fef84528963a1b5db34e4370fa4bd1e3ff64a0d80e0cee7369d11d73c704e0286fb2865b530acac7a871088fbe92b5edf1000870
  languageName: node
  linkType: hard

"@jridgewell/sourcemap-codec@npm:^1.4.14, @jridgewell/sourcemap-codec@npm:^1.5.0, @jridgewell/sourcemap-codec@npm:^1.5.5":
  version: 1.5.5
  resolution: "@jridgewell/sourcemap-codec@npm:1.5.5"
  checksum: c2e36e67971f719a8a3a85ef5a5f580622437cc723c35d03ebd0c9c0b06418700ef006f58af742791f71f6a4fc68fcfaf1f6a74ec2f9a3332860e9373459dae7
  languageName: node
  linkType: hard

"@jridgewell/trace-mapping@npm:^0.3.24":
  version: 0.3.31
  resolution: "@jridgewell/trace-mapping@npm:0.3.31"
  dependencies:
    "@jridgewell/resolve-uri": ^3.1.0
    "@jridgewell/sourcemap-codec": ^1.4.14
  checksum: af8fda2431348ad507fbddf8e25f5d08c79ecc94594061ce402cf41bc5aba1a7b3e59bf0fd70a619b35f33983a3f488ceeba8faf56bff784f98bb5394a8b7d47
  languageName: node
  linkType: hard

"@napi-rs/wasm-runtime@npm:^0.2.12":
  version: 0.2.12
  resolution: "@napi-rs/wasm-runtime@npm:0.2.12"
  dependencies:
    "@emnapi/core": ^1.4.3
    "@emnapi/runtime": ^1.4.3
    "@tybys/wasm-util": ^0.10.0
  checksum: 676271082b2e356623faa1fefd552a82abb8c00f8218e333091851456c52c81686b98f77fcd119b9b2f4f215d924e4b23acd6401d9934157c80da17be783ec3d
  languageName: node
  linkType: hard

"@next/env@npm:15.5.3":
  version: 15.5.3
  resolution: "@next/env@npm:15.5.3"
  checksum: edc40a6ffb7d0bb1b1a360707dec5513cd2cd518f2110b2b248b3f56067eb275321bc2c62c5fcb508572b49d0adbbbf50e80f16a2efe3449959c74d6505de152
  languageName: node
  linkType: hard

"@next/swc-darwin-arm64@npm:15.5.3":
  version: 15.5.3
  resolution: "@next/swc-darwin-arm64@npm:15.5.3"
  conditions: os=darwin & cpu=arm64
  languageName: node
  linkType: hard

"@next/swc-darwin-x64@npm:15.5.3":
  version: 15.5.3
  resolution: "@next/swc-darwin-x64@npm:15.5.3"
  conditions: os=darwin & cpu=x64
  languageName: node
  linkType: hard

"@next/swc-linux-arm64-gnu@npm:15.5.3":
  version: 15.5.3
  resolution: "@next/swc-linux-arm64-gnu@npm:15.5.3"
  conditions: os=linux & cpu=arm64 & libc=glibc
  languageName: node
  linkType: hard

"@next/swc-linux-arm64-musl@npm:15.5.3":
  version: 15.5.3
  resolution: "@next/swc-linux-arm64-musl@npm:15.5.3"
  conditions: os=linux & cpu=arm64 & libc=musl
  languageName: node
  linkType: hard

"@next/swc-linux-x64-gnu@npm:15.5.3":
  version: 15.5.3
  resolution: "@next/swc-linux-x64-gnu@npm:15.5.3"
  conditions: os=linux & cpu=x64 & libc=glibc
  languageName: node
  linkType: hard

"@next/swc-linux-x64-musl@npm:15.5.3":
  version: 15.5.3
  resolution: "@next/swc-linux-x64-musl@npm:15.5.3"
  conditions: os=linux & cpu=x64 & libc=musl
  languageName: node
  linkType: hard

"@next/swc-win32-arm64-msvc@npm:15.5.3":
  version: 15.5.3
  resolution: "@next/swc-win32-arm64-msvc@npm:15.5.3"
  conditions: os=win32 & cpu=arm64
  languageName: node
  linkType: hard

"@next/swc-win32-x64-msvc@npm:15.5.3":
  version: 15.5.3
  resolution: "@next/swc-win32-x64-msvc@npm:15.5.3"
  conditions: os=win32 & cpu=x64
  languageName: node
  linkType: hard

"@swc/helpers@npm:0.5.15":
  version: 0.5.15
  resolution: "@swc/helpers@npm:0.5.15"
  dependencies:
    tslib: ^2.8.0
  checksum: 1a9e0dbb792b2d1e0c914d69c201dbc96af3a0e6e6e8cf5a7f7d6a5d7b0e8b762915cd4447acb6b040e2ecc1ed49822875a7239f99a2d63c96c3c3407fb6fccf
  languageName: node
  linkType: hard

"@tailwindcss/node@npm:4.1.13":
  version: 4.1.13
  resolution: "@tailwindcss/node@npm:4.1.13"
  dependencies:
    "@jridgewell/remapping": ^2.3.4
    enhanced-resolve: ^5.18.3
    jiti: ^2.5.1
    lightningcss: 1.30.1
    magic-string: ^0.30.18
    source-map-js: ^1.2.1
    tailwindcss: 4.1.13
  checksum: 2088bd13b2025e1c3784ff0d48b4e71b6ab03cecd89ade898a46718e091e17b6ea91c5cbea3a09e93ef6d6a86e1e707b346081c797008f060b5d2a9bb2563c19
  languageName: node
  linkType: hard

"@tailwindcss/oxide-android-arm64@npm:4.1.13":
  version: 4.1.13
  resolution: "@tailwindcss/oxide-android-arm64@npm:4.1.13"
  conditions: os=android & cpu=arm64
  languageName: node
  linkType: hard

"@tailwindcss/oxide-darwin-arm64@npm:4.1.13":
  version: 4.1.13
  resolution: "@tailwindcss/oxide-darwin-arm64@npm:4.1.13"
  conditions: os=darwin & cpu=arm64
  languageName: node
  linkType: hard

"@tailwindcss/oxide-darwin-x64@npm:4.1.13":
  version: 4.1.13
  resolution: "@tailwindcss/oxide-darwin-x64@npm:4.1.13"
  conditions: os=darwin & cpu=x64
  languageName: node
  linkType: hard

"@tailwindcss/oxide-freebsd-x64@npm:4.1.13":
  version: 4.1.13
  resolution: "@tailwindcss/oxide-freebsd-x64@npm:4.1.13"
  conditions: os=freebsd & cpu=x64
  languageName: node
  linkType: hard

"@tailwindcss/oxide-linux-arm-gnueabihf@npm:4.1.13":
  version: 4.1.13
  resolution: "@tailwindcss/oxide-linux-arm-gnueabihf@npm:4.1.13"
  conditions: os=linux & cpu=arm
  languageName: node
  linkType: hard

"@tailwindcss/oxide-linux-arm64-gnu@npm:4.1.13":
  version: 4.1.13
  resolution: "@tailwindcss/oxide-linux-arm64-gnu@npm:4.1.13"
  conditions: os=linux & cpu=arm64 & libc=glibc
  languageName: node
  linkType: hard

"@tailwindcss/oxide-linux-arm64-musl@npm:4.1.13":
  version: 4.1.13
  resolution: "@tailwindcss/oxide-linux-arm64-musl@npm:4.1.13"
  conditions: os=linux & cpu=arm64 & libc=musl
  languageName: node
  linkType: hard

"@tailwindcss/oxide-linux-x64-gnu@npm:4.1.13":
  version: 4.1.13
  resolution: "@tailwindcss/oxide-linux-x64-gnu@npm:4.1.13"
  conditions: os=linux & cpu=x64 & libc=glibc
  languageName: node
  linkType: hard

"@tailwindcss/oxide-linux-x64-musl@npm:4.1.13":
  version: 4.1.13
  resolution: "@tailwindcss/oxide-linux-x64-musl@npm:4.1.13"
  conditions: os=linux & cpu=x64 & libc=musl
  languageName: node
  linkType: hard

"@tailwindcss/oxide-wasm32-wasi@npm:4.1.13":
  version: 4.1.13
  resolution: "@tailwindcss/oxide-wasm32-wasi@npm:4.1.13"
  dependencies:
    "@emnapi/core": ^1.4.5
    "@emnapi/runtime": ^1.4.5
    "@emnapi/wasi-threads": ^1.0.4
    "@napi-rs/wasm-runtime": ^0.2.12
    "@tybys/wasm-util": ^0.10.0
    tslib: ^2.8.0
  conditions: cpu=wasm32
  languageName: node
  linkType: hard

"@tailwindcss/oxide-win32-arm64-msvc@npm:4.1.13":
  version: 4.1.13
  resolution: "@tailwindcss/oxide-win32-arm64-msvc@npm:4.1.13"
  conditions: os=win32 & cpu=arm64
  languageName: node
  linkType: hard

"@tailwindcss/oxide-win32-x64-msvc@npm:4.1.13":
  version: 4.1.13
  resolution: "@tailwindcss/oxide-win32-x64-msvc@npm:4.1.13"
  conditions: os=win32 & cpu=x64
  languageName: node
  linkType: hard

"@tailwindcss/oxide@npm:4.1.13":
  version: 4.1.13
  resolution: "@tailwindcss/oxide@npm:4.1.13"
  dependencies:
    "@tailwindcss/oxide-android-arm64": 4.1.13
    "@tailwindcss/oxide-darwin-arm64": 4.1.13
    "@tailwindcss/oxide-darwin-x64": 4.1.13
    "@tailwindcss/oxide-freebsd-x64": 4.1.13
    "@tailwindcss/oxide-linux-arm-gnueabihf": 4.1.13
    "@tailwindcss/oxide-linux-arm64-gnu": 4.1.13
    "@tailwindcss/oxide-linux-arm64-musl": 4.1.13
    "@tailwindcss/oxide-linux-x64-gnu": 4.1.13
    "@tailwindcss/oxide-linux-x64-musl": 4.1.13
    "@tailwindcss/oxide-wasm32-wasi": 4.1.13
    "@tailwindcss/oxide-win32-arm64-msvc": 4.1.13
    "@tailwindcss/oxide-win32-x64-msvc": 4.1.13
    detect-libc: ^2.0.4
    tar: ^7.4.3
  dependenciesMeta:
    "@tailwindcss/oxide-android-arm64":
      optional: true
    "@tailwindcss/oxide-darwin-arm64":
      optional: true
    "@tailwindcss/oxide-darwin-x64":
      optional: true
    "@tailwindcss/oxide-freebsd-x64":
      optional: true
    "@tailwindcss/oxide-linux-arm-gnueabihf":
      optional: true
    "@tailwindcss/oxide-linux-arm64-gnu":
      optional: true
    "@tailwindcss/oxide-linux-arm64-musl":
      optional: true
    "@tailwindcss/oxide-linux-x64-gnu":
      optional: true
    "@tailwindcss/oxide-linux-x64-musl":
      optional: true
    "@tailwindcss/oxide-wasm32-wasi":
      optional: true
    "@tailwindcss/oxide-win32-arm64-msvc":
      optional: true
    "@tailwindcss/oxide-win32-x64-msvc":
      optional: true
  checksum: 0b486f65ac99e056baf132af2fb1079d46d0be3089271d42f42789bd365c71ed6fc687fa7309af375d5828da0da89f2c02fd3f350912403963636cec4b92223e
  languageName: node
  linkType: hard

"@tailwindcss/postcss@npm:^4":
  version: 4.1.13
  resolution: "@tailwindcss/postcss@npm:4.1.13"
  dependencies:
    "@alloc/quick-lru": ^5.2.0
    "@tailwindcss/node": 4.1.13
    "@tailwindcss/oxide": 4.1.13
    postcss: ^8.4.41
    tailwindcss: 4.1.13
  checksum: 2ad50989e0d78fa1e2587818e4ca0ca3f55be2590a7d4d4ef2d3d3f6555308514877398ab264cdc6cca999f42494ca0629e3b08ffe732b25dfad2b6f1d9efbd0
  languageName: node
  linkType: hard

"@tybys/wasm-util@npm:^0.10.0":
  version: 0.10.1
  resolution: "@tybys/wasm-util@npm:0.10.1"
  dependencies:
    tslib: ^2.4.0
  checksum: b8b281ffa9cd01cb6d45a4dddca2e28fd0cb6ad67cf091ba4a73ac87c0d6bd6ce188c332c489e87c20b0750b0b6fe3b99e30e1cd2227ec16da692f51c778944e
  languageName: node
  linkType: hard

"@types/node@npm:^20":
  version: 20.19.14
  resolution: "@types/node@npm:20.19.14"
  dependencies:
    undici-types: ~6.21.0
  checksum: a19533f35718cfb543caa33a65abe020bf6ca9e8ae1db0b6802df152adcdc7d00a3793e811c89b5b51c1d0f4ee32e6650f1ed21e0f49948e4d36c849b5a2917a
  languageName: node
  linkType: hard

"@types/react-dom@npm:^19":
  version: 19.1.9
  resolution: "@types/react-dom@npm:19.1.9"
  peerDependencies:
    "@types/react": ^19.0.0
  checksum: 207acb79f6c3c9704938138960e21429efdf2db2184f17c166e8ec3f3180dfe6445b282c5302f559a71b2d09ab2fafef7735f3d24fd01cda4e5c7bf0cea1d5b9
  languageName: node
  linkType: hard

"@types/react@npm:^19":
  version: 19.1.13
  resolution: "@types/react@npm:19.1.13"
  dependencies:
    csstype: ^3.0.2
  checksum: def174cf34e8450ea326d02e3b3a9378e51aaa71e6dd25e5f6750ddc5f3eda5099bf1b5c415cb911d91bec354b9ef25c99e55a1deedf483b93ed698da0e20ab4
  languageName: node
  linkType: hard

"caniuse-lite@npm:^1.0.30001579":
  version: 1.0.30001741
  resolution: "caniuse-lite@npm:1.0.30001741"
  checksum: 0f2e90e1418a0b35923735420a0a0f9d2aa91eb6e0e2ae955e386155b402892ed4aa9996aae644b9f0cf2cf6a2af52c9467d4f8fc1d1710e8e4c961f12bdec67
  languageName: node
  linkType: hard

"chownr@npm:^3.0.0":
  version: 3.0.0
  resolution: "chownr@npm:3.0.0"
  checksum: fd73a4bab48b79e66903fe1cafbdc208956f41ea4f856df883d0c7277b7ab29fd33ee65f93b2ec9192fc0169238f2f8307b7735d27c155821d886b84aa97aa8d
  languageName: node
  linkType: hard

"client-only@npm:0.0.1":
  version: 0.0.1
  resolution: "client-only@npm:0.0.1"
  checksum: 0c16bf660dadb90610553c1d8946a7fdfb81d624adea073b8440b7d795d5b5b08beb3c950c6a2cf16279365a3265158a236876d92bce16423c485c322d7dfaf8
  languageName: node
  linkType: hard

"color-convert@npm:^2.0.1":
  version: 2.0.1
  resolution: "color-convert@npm:2.0.1"
  dependencies:
    color-name: ~1.1.4
  checksum: 79e6bdb9fd479a205c71d89574fccfb22bd9053bd98c6c4d870d65c132e5e904e6034978e55b43d69fcaa7433af2016ee203ce76eeba9cfa554b373e7f7db336
  languageName: node
  linkType: hard

"color-name@npm:^1.0.0, color-name@npm:~1.1.4":
  version: 1.1.4
  resolution: "color-name@npm:1.1.4"
  checksum: b0445859521eb4021cd0fb0cc1a75cecf67fceecae89b63f62b201cca8d345baf8b952c966862a9d9a2632987d4f6581f0ec8d957dfacece86f0a7919316f610
  languageName: node
  linkType: hard

"color-string@npm:^1.9.0":
  version: 1.9.1
  resolution: "color-string@npm:1.9.1"
  dependencies:
    color-name: ^1.0.0
    simple-swizzle: ^0.2.2
  checksum: c13fe7cff7885f603f49105827d621ce87f4571d78ba28ef4a3f1a104304748f620615e6bf065ecd2145d0d9dad83a3553f52bb25ede7239d18e9f81622f1cc5
  languageName: node
  linkType: hard

"color@npm:^4.2.3":
  version: 4.2.3
  resolution: "color@npm:4.2.3"
  dependencies:
    color-convert: ^2.0.1
    color-string: ^1.9.0
  checksum: 0579629c02c631b426780038da929cca8e8d80a40158b09811a0112a107c62e10e4aad719843b791b1e658ab4e800558f2e87ca4522c8b32349d497ecb6adeb4
  languageName: node
  linkType: hard

"csstype@npm:^3.0.2":
  version: 3.1.3
  resolution: "csstype@npm:3.1.3"
  checksum: 8db785cc92d259102725b3c694ec0c823f5619a84741b5c7991b8ad135dfaa66093038a1cc63e03361a6cd28d122be48f2106ae72334e067dd619a51f49eddf7
  languageName: node
  linkType: hard

"detect-libc@npm:^2.0.3, detect-libc@npm:^2.0.4":
  version: 2.1.0
  resolution: "detect-libc@npm:2.1.0"
  checksum: a6430901d590bacc622e4304b9510fa99f5f8e71be7b5272d5dd03e07f361b9b5452da3416a8215125575946ec3c97c82bd6c51937a3923ab33405481a70e9ae
  languageName: node
  linkType: hard

"enhanced-resolve@npm:^5.18.3":
  version: 5.18.3
  resolution: "enhanced-resolve@npm:5.18.3"
  dependencies:
    graceful-fs: ^4.2.4
    tapable: ^2.2.0
  checksum: e2b2188a7f9b68616984b5ce1f43b97bef3c5fde4d193c24ea4cfdb4eb784a700093f049f14155733a3cb3ae1204550590aa37dda7e742022c8f447f618a4816
  languageName: node
  linkType: hard

"graceful-fs@npm:^4.2.4":
  version: 4.2.11
  resolution: "graceful-fs@npm:4.2.11"
  checksum: ac85f94da92d8eb6b7f5a8b20ce65e43d66761c55ce85ac96df6865308390da45a8d3f0296dd3a663de65d30ba497bd46c696cc1e248c72b13d6d567138a4fc7
  languageName: node
  linkType: hard

"is-arrayish@npm:^0.3.1":
  version: 0.3.4
  resolution: "is-arrayish@npm:0.3.4"
  checksum: 09816634eb7b6e357067f6b49c7656b4aff6d8b25486553d086bab53ce0f929c0293906539503b2a317f3137b5a5cd7e9ea01305f6090c0037c4340d9121420d
  languageName: node
  linkType: hard

"jiti@npm:^2.5.1":
  version: 2.5.1
  resolution: "jiti@npm:2.5.1"
  bin:
    jiti: lib/jiti-cli.mjs
  checksum: db901281e01013c27d46d6c5cde5fa817082f32232c92099043df11e135d00ccd1b4356a9ba356a3293e91855bd7437b6df5ae0ae6ad2c384d9bd59df926633c
  languageName: node
  linkType: hard

"lightningcss-darwin-arm64@npm:1.30.1":
  version: 1.30.1
  resolution: "lightningcss-darwin-arm64@npm:1.30.1"
  conditions: os=darwin & cpu=arm64
  languageName: node
  linkType: hard

"lightningcss-darwin-x64@npm:1.30.1":
  version: 1.30.1
  resolution: "lightningcss-darwin-x64@npm:1.30.1"
  conditions: os=darwin & cpu=x64
  languageName: node
  linkType: hard

"lightningcss-freebsd-x64@npm:1.30.1":
  version: 1.30.1
  resolution: "lightningcss-freebsd-x64@npm:1.30.1"
  conditions: os=freebsd & cpu=x64
  languageName: node
  linkType: hard

"lightningcss-linux-arm-gnueabihf@npm:1.30.1":
  version: 1.30.1
  resolution: "lightningcss-linux-arm-gnueabihf@npm:1.30.1"
  conditions: os=linux & cpu=arm
  languageName: node
  linkType: hard

"lightningcss-linux-arm64-gnu@npm:1.30.1":
  version: 1.30.1
  resolution: "lightningcss-linux-arm64-gnu@npm:1.30.1"
  conditions: os=linux & cpu=arm64 & libc=glibc
  languageName: node
  linkType: hard

"lightningcss-linux-arm64-musl@npm:1.30.1":
  version: 1.30.1
  resolution: "lightningcss-linux-arm64-musl@npm:1.30.1"
  conditions: os=linux & cpu=arm64 & libc=musl
  languageName: node
  linkType: hard

"lightningcss-linux-x64-gnu@npm:1.30.1":
  version: 1.30.1
  resolution: "lightningcss-linux-x64-gnu@npm:1.30.1"
  conditions: os=linux & cpu=x64 & libc=glibc
  languageName: node
  linkType: hard

"lightningcss-linux-x64-musl@npm:1.30.1":
  version: 1.30.1
  resolution: "lightningcss-linux-x64-musl@npm:1.30.1"
  conditions: os=linux & cpu=x64 & libc=musl
  languageName: node
  linkType: hard

"lightningcss-win32-arm64-msvc@npm:1.30.1":
  version: 1.30.1
  resolution: "lightningcss-win32-arm64-msvc@npm:1.30.1"
  conditions: os=win32 & cpu=arm64
  languageName: node
  linkType: hard

"lightningcss-win32-x64-msvc@npm:1.30.1":
  version: 1.30.1
  resolution: "lightningcss-win32-x64-msvc@npm:1.30.1"
  conditions: os=win32 & cpu=x64
  languageName: node
  linkType: hard

"lightningcss@npm:1.30.1":
  version: 1.30.1
  resolution: "lightningcss@npm:1.30.1"
  dependencies:
    detect-libc: ^2.0.3
    lightningcss-darwin-arm64: 1.30.1
    lightningcss-darwin-x64: 1.30.1
    lightningcss-freebsd-x64: 1.30.1
    lightningcss-linux-arm-gnueabihf: 1.30.1
    lightningcss-linux-arm64-gnu: 1.30.1
    lightningcss-linux-arm64-musl: 1.30.1
    lightningcss-linux-x64-gnu: 1.30.1
    lightningcss-linux-x64-musl: 1.30.1
    lightningcss-win32-arm64-msvc: 1.30.1
    lightningcss-win32-x64-msvc: 1.30.1
  dependenciesMeta:
    lightningcss-darwin-arm64:
      optional: true
    lightningcss-darwin-x64:
      optional: true
    lightningcss-freebsd-x64:
      optional: true
    lightningcss-linux-arm-gnueabihf:
      optional: true
    lightningcss-linux-arm64-gnu:
      optional: true
    lightningcss-linux-arm64-musl:
      optional: true
    lightningcss-linux-x64-gnu:
      optional: true
    lightningcss-linux-x64-musl:
      optional: true
    lightningcss-win32-arm64-msvc:
      optional: true
    lightningcss-win32-x64-msvc:
      optional: true
  checksum: cda1e15c2060ffcf8b07c2bf5489eb108a3c836c4d90c3afda7669114099b83fa0b1f28e4db380eb4cd1e7e071b06897bda82379e5981ba15258dc3103ecf507
  languageName: node
  linkType: hard

"magic-string@npm:^0.30.18":
  version: 0.30.19
  resolution: "magic-string@npm:0.30.19"
  dependencies:
    "@jridgewell/sourcemap-codec": ^1.5.5
  checksum: f360b87febeceddb35238e55963b70ef68381688c1aada6d842833a7be440a08cb0a8776e23b5e4e34785edc6b42b92dc08c829f43ecdb58547122f3fd79fdc7
  languageName: node
  linkType: hard

"minipass@npm:^7.0.4, minipass@npm:^7.1.2":
  version: 7.1.2
  resolution: "minipass@npm:7.1.2"
  checksum: 2bfd325b95c555f2b4d2814d49325691c7bee937d753814861b0b49d5edcda55cbbf22b6b6a60bb91eddac8668771f03c5ff647dcd9d0f798e9548b9cdc46ee3
  languageName: node
  linkType: hard

"minizlib@npm:^3.0.1":
  version: 3.0.2
  resolution: "minizlib@npm:3.0.2"
  dependencies:
    minipass: ^7.1.2
  checksum: 493bed14dcb6118da7f8af356a8947cf1473289c09658e5aabd69a737800a8c3b1736fb7d7931b722268a9c9bc038a6d53c049b6a6af24b34a121823bb709996
  languageName: node
  linkType: hard

"mkdirp@npm:^3.0.1":
  version: 3.0.1
  resolution: "mkdirp@npm:3.0.1"
  bin:
    mkdirp: dist/cjs/src/bin.js
  checksum: 972deb188e8fb55547f1e58d66bd6b4a3623bf0c7137802582602d73e6480c1c2268dcbafbfb1be466e00cc7e56ac514d7fd9334b7cf33e3e2ab547c16f83a8d
  languageName: node
  linkType: hard

"nanoid@npm:^3.3.11, nanoid@npm:^3.3.6":
  version: 3.3.11
  resolution: "nanoid@npm:3.3.11"
  bin:
    nanoid: bin/nanoid.cjs
  checksum: 3be20d8866a57a6b6d218e82549711c8352ed969f9ab3c45379da28f405363ad4c9aeb0b39e9abc101a529ca65a72ff9502b00bf74a912c4b64a9d62dfd26c29
  languageName: node
  linkType: hard

"next-101@workspace:.":
  version: 0.0.0-use.local
  resolution: "next-101@workspace:."
  dependencies:
    "@tailwindcss/postcss": ^4
    "@types/node": ^20
    "@types/react": ^19
    "@types/react-dom": ^19
    next: 15.5.3
    react: 19.1.0
    react-dom: 19.1.0
    tailwindcss: ^4
    typescript: ^5
  languageName: unknown
  linkType: soft

"next@npm:15.5.3":
  version: 15.5.3
  resolution: "next@npm:15.5.3"
  dependencies:
    "@next/env": 15.5.3
    "@next/swc-darwin-arm64": 15.5.3
    "@next/swc-darwin-x64": 15.5.3
    "@next/swc-linux-arm64-gnu": 15.5.3
    "@next/swc-linux-arm64-musl": 15.5.3
    "@next/swc-linux-x64-gnu": 15.5.3
    "@next/swc-linux-x64-musl": 15.5.3
    "@next/swc-win32-arm64-msvc": 15.5.3
    "@next/swc-win32-x64-msvc": 15.5.3
    "@swc/helpers": 0.5.15
    caniuse-lite: ^1.0.30001579
    postcss: 8.4.31
    sharp: ^0.34.3
    styled-jsx: 5.1.6
  peerDependencies:
    "@opentelemetry/api": ^1.1.0
    "@playwright/test": ^1.51.1
    babel-plugin-react-compiler: "*"
    react: ^18.2.0 || 19.0.0-rc-de68d2f4-20241204 || ^19.0.0
    react-dom: ^18.2.0 || 19.0.0-rc-de68d2f4-20241204 || ^19.0.0
    sass: ^1.3.0
  dependenciesMeta:
    "@next/swc-darwin-arm64":
      optional: true
    "@next/swc-darwin-x64":
      optional: true
    "@next/swc-linux-arm64-gnu":
      optional: true
    "@next/swc-linux-arm64-musl":
      optional: true
    "@next/swc-linux-x64-gnu":
      optional: true
    "@next/swc-linux-x64-musl":
      optional: true
    "@next/swc-win32-arm64-msvc":
      optional: true
    "@next/swc-win32-x64-msvc":
      optional: true
    sharp:
      optional: true
  peerDependenciesMeta:
    "@opentelemetry/api":
      optional: true
    "@playwright/test":
      optional: true
    babel-plugin-react-compiler:
      optional: true
    sass:
      optional: true
  bin:
    next: dist/bin/next
  checksum: 91c4ed03d8a8ae1b0fa0b6739e083af2c811809533aeedd013d163a502749e052737b53dccc794752c46ab6934c7fb39104c4e3fb26365b67c847b072b75e925
  languageName: node
  linkType: hard

"picocolors@npm:^1.0.0, picocolors@npm:^1.1.1":
  version: 1.1.1
  resolution: "picocolors@npm:1.1.1"
  checksum: e1cf46bf84886c79055fdfa9dcb3e4711ad259949e3565154b004b260cd356c5d54b31a1437ce9782624bf766272fe6b0154f5f0c744fb7af5d454d2b60db045
  languageName: node
  linkType: hard

"postcss@npm:8.4.31":
  version: 8.4.31
  resolution: "postcss@npm:8.4.31"
  dependencies:
    nanoid: ^3.3.6
    picocolors: ^1.0.0
    source-map-js: ^1.0.2
  checksum: 1d8611341b073143ad90486fcdfeab49edd243377b1f51834dc4f6d028e82ce5190e4f11bb2633276864503654fb7cab28e67abdc0fbf9d1f88cad4a0ff0beea
  languageName: node
  linkType: hard

"postcss@npm:^8.4.41":
  version: 8.5.6
  resolution: "postcss@npm:8.5.6"
  dependencies:
    nanoid: ^3.3.11
    picocolors: ^1.1.1
    source-map-js: ^1.2.1
  checksum: 20f3b5d673ffeec2b28d65436756d31ee33f65b0a8bedb3d32f556fbd5973be38c3a7fb5b959a5236c60a5db7b91b0a6b14ffaac0d717dce1b903b964ee1c1bb
  languageName: node
  linkType: hard

"react-dom@npm:19.1.0":
  version: 19.1.0
  resolution: "react-dom@npm:19.1.0"
  dependencies:
    scheduler: ^0.26.0
  peerDependencies:
    react: ^19.1.0
  checksum: 1d154b6543467095ac269e61ca59db546f34ef76bcdeb90f2dad41d682cd210aae492e70c85010ed5d0a2caea225e9a55139ebc1a615ee85bf197d7f99678cdf
  languageName: node
  linkType: hard

"react@npm:19.1.0":
  version: 19.1.0
  resolution: "react@npm:19.1.0"
  checksum: c0905f8cfb878b0543a5522727e5ed79c67c8111dc16ceee135b7fe19dce77b2c1c19293513061a8934e721292bfc1517e0487e262d1906f306bdf95fa54d02f
  languageName: node
  linkType: hard

"scheduler@npm:^0.26.0":
  version: 0.26.0
  resolution: "scheduler@npm:0.26.0"
  checksum: c63a9f1c0e5089b537231cff6c11f75455b5c8625ae09535c1d7cd0a1b0c77ceecdd9f1074e5e063da5d8dc11e73e8033dcac3361791088be08a6e60c0283ed9
  languageName: node
  linkType: hard

"semver@npm:^7.7.2":
  version: 7.7.2
  resolution: "semver@npm:7.7.2"
  bin:
    semver: bin/semver.js
  checksum: dd94ba8f1cbc903d8eeb4dd8bf19f46b3deb14262b6717d0de3c804b594058ae785ef2e4b46c5c3b58733c99c83339068203002f9e37cfe44f7e2cc5e3d2f621
  languageName: node
  linkType: hard

"sharp@npm:^0.34.3":
  version: 0.34.3
  resolution: "sharp@npm:0.34.3"
  dependencies:
    "@img/sharp-darwin-arm64": 0.34.3
    "@img/sharp-darwin-x64": 0.34.3
    "@img/sharp-libvips-darwin-arm64": 1.2.0
    "@img/sharp-libvips-darwin-x64": 1.2.0
    "@img/sharp-libvips-linux-arm": 1.2.0
    "@img/sharp-libvips-linux-arm64": 1.2.0
    "@img/sharp-libvips-linux-ppc64": 1.2.0
    "@img/sharp-libvips-linux-s390x": 1.2.0
    "@img/sharp-libvips-linux-x64": 1.2.0
    "@img/sharp-libvips-linuxmusl-arm64": 1.2.0
    "@img/sharp-libvips-linuxmusl-x64": 1.2.0
    "@img/sharp-linux-arm": 0.34.3
    "@img/sharp-linux-arm64": 0.34.3
    "@img/sharp-linux-ppc64": 0.34.3
    "@img/sharp-linux-s390x": 0.34.3
    "@img/sharp-linux-x64": 0.34.3
    "@img/sharp-linuxmusl-arm64": 0.34.3
    "@img/sharp-linuxmusl-x64": 0.34.3
    "@img/sharp-wasm32": 0.34.3
    "@img/sharp-win32-arm64": 0.34.3
    "@img/sharp-win32-ia32": 0.34.3
    "@img/sharp-win32-x64": 0.34.3
    color: ^4.2.3
    detect-libc: ^2.0.4
    semver: ^7.7.2
  dependenciesMeta:
    "@img/sharp-darwin-arm64":
      optional: true
    "@img/sharp-darwin-x64":
      optional: true
    "@img/sharp-libvips-darwin-arm64":
      optional: true
    "@img/sharp-libvips-darwin-x64":
      optional: true
    "@img/sharp-libvips-linux-arm":
      optional: true
    "@img/sharp-libvips-linux-arm64":
      optional: true
    "@img/sharp-libvips-linux-ppc64":
      optional: true
    "@img/sharp-libvips-linux-s390x":
      optional: true
    "@img/sharp-libvips-linux-x64":
      optional: true
    "@img/sharp-libvips-linuxmusl-arm64":
      optional: true
    "@img/sharp-libvips-linuxmusl-x64":
      optional: true
    "@img/sharp-linux-arm":
      optional: true
    "@img/sharp-linux-arm64":
      optional: true
    "@img/sharp-linux-ppc64":
      optional: true
    "@img/sharp-linux-s390x":
      optional: true
    "@img/sharp-linux-x64":
      optional: true
    "@img/sharp-linuxmusl-arm64":
      optional: true
    "@img/sharp-linuxmusl-x64":
      optional: true
    "@img/sharp-wasm32":
      optional: true
    "@img/sharp-win32-arm64":
      optional: true
    "@img/sharp-win32-ia32":
      optional: true
    "@img/sharp-win32-x64":
      optional: true
  checksum: f1d70751ab15080957f1a5db5583d00b002e644878e3e9a6d00bdbb31255f6e9df218ef82d96d3588b83023681f35bcf03e265a44e214b11306ef3fb439ac04d
  languageName: node
  linkType: hard

"simple-swizzle@npm:^0.2.2":
  version: 0.2.4
  resolution: "simple-swizzle@npm:0.2.4"
  dependencies:
    is-arrayish: ^0.3.1
  checksum: 9a2f6f39a6b9fab68f96903523bf19953ec21e5e843108154cf47a9cc0f78955dd44f64499ffb71a849ac10c758d9fab7533627c7ca3ab40b5c177117acfdc1b
  languageName: node
  linkType: hard

"source-map-js@npm:^1.0.2, source-map-js@npm:^1.2.1":
  version: 1.2.1
  resolution: "source-map-js@npm:1.2.1"
  checksum: 4eb0cd997cdf228bc253bcaff9340afeb706176e64868ecd20efbe6efea931465f43955612346d6b7318789e5265bdc419bc7669c1cebe3db0eb255f57efa76b
  languageName: node
  linkType: hard

"styled-jsx@npm:5.1.6":
  version: 5.1.6
  resolution: "styled-jsx@npm:5.1.6"
  dependencies:
    client-only: 0.0.1
  peerDependencies:
    react: ">= 16.8.0 || 17.x.x || ^18.0.0-0 || ^19.0.0-0"
  peerDependenciesMeta:
    "@babel/core":
      optional: true
    babel-plugin-macros:
      optional: true
  checksum: 879ad68e3e81adcf4373038aaafe55f968294955593660e173fbf679204aff158c59966716a60b29af72dc88795cfb2c479b6d2c3c87b2b2d282f3e27cc66461
  languageName: node
  linkType: hard

"tailwindcss@npm:4.1.13, tailwindcss@npm:^4":
  version: 4.1.13
  resolution: "tailwindcss@npm:4.1.13"
  checksum: 25e2883c69190c6474a6c44caed8f82511a4025a2285e34bca4b79671a73acd79e74844a4908313098218de81a5aba62df727bb6ee26f69eeca3386b4941de4b
  languageName: node
  linkType: hard

"tapable@npm:^2.2.0":
  version: 2.2.3
  resolution: "tapable@npm:2.2.3"
  checksum: 0bef252c4f12d3371353c4b16b38ea4fc7153598ab7f7770a4235277ed4d631925a27f42bf03caa754817e9ab017e3179fd2323a0a28409846d225e23f3bf722
  languageName: node
  linkType: hard

"tar@npm:^7.4.3":
  version: 7.4.3
  resolution: "tar@npm:7.4.3"
  dependencies:
    "@isaacs/fs-minipass": ^4.0.0
    chownr: ^3.0.0
    minipass: ^7.1.2
    minizlib: ^3.0.1
    mkdirp: ^3.0.1
    yallist: ^5.0.0
  checksum: 8485350c0688331c94493031f417df069b778aadb25598abdad51862e007c39d1dd5310702c7be4a6784731a174799d8885d2fde0484269aea205b724d7b2ffa
  languageName: node
  linkType: hard

"tslib@npm:^2.4.0, tslib@npm:^2.8.0":
  version: 2.8.1
  resolution: "tslib@npm:2.8.1"
  checksum: e4aba30e632b8c8902b47587fd13345e2827fa639e7c3121074d5ee0880723282411a8838f830b55100cbe4517672f84a2472667d355b81e8af165a55dc6203a
  languageName: node
  linkType: hard

"typescript@npm:^5":
  version: 5.9.2
  resolution: "typescript@npm:5.9.2"
  bin:
    tsc: bin/tsc
    tsserver: bin/tsserver
  checksum: f619cf6773cfe31409279711afd68cdf0859780006c50bc2a7a0c3227f85dea89a3b97248846326f3a17dad72ea90ec27cf61a8387772c680b2252fd02d8497b
  languageName: node
  linkType: hard

"typescript@patch:typescript@^5#~builtin<compat/typescript>":
  version: 5.9.2
  resolution: "typescript@patch:typescript@npm%3A5.9.2#~builtin<compat/typescript>::version=5.9.2&hash=29ae49"
  bin:
    tsc: bin/tsc
    tsserver: bin/tsserver
  checksum: e42a701947325500008334622321a6ad073f842f5e7d5e7b588a6346b31fdf51d56082b9ce5cef24312ecd3e48d6c0d4d44da7555f65e2feec18cf62ec540385
  languageName: node
  linkType: hard

"undici-types@npm:~6.21.0":
  version: 6.21.0
  resolution: "undici-types@npm:6.21.0"
  checksum: 46331c7d6016bf85b3e8f20c159d62f5ae471aba1eb3dc52fff35a0259d58dcc7d592d4cc4f00c5f9243fa738a11cfa48bd20203040d4a9e6bc25e807fab7ab3
  languageName: node
  linkType: hard

"yallist@npm:^5.0.0":
  version: 5.0.0
  resolution: "yallist@npm:5.0.0"
  checksum: eba51182400b9f35b017daa7f419f434424410691bbc5de4f4240cc830fdef906b504424992700dc047f16b4d99100a6f8b8b11175c193f38008e9c96322b6a5
  languageName: node
  linkType: hard
